
Microsoft Visual Studio Solution File, Format Version 12.00
# Visual Studio Version 16
VisualStudioVersion = 16.0.31410.357
MinimumVisualStudioVersion = 10.0.40219.1
Project("{FAE04EC0-301F-11D3-BF4B-00C04F79EFBC}") = "V_Bank_DP_RH", "V_Bank_DP_RH.csproj", "{373F428F-553E-4AA4-A276-369A2F23A276}"
EndProject
Global
	GlobalSection(SolutionConfigurationPlatforms) = preSolution
		Debug|Any CPU = Debug|Any CPU
		Release|Any CPU = Release|Any CPU
	EndGlobalSection
	GlobalSection(ProjectConfigurationPlatforms) = postSolution
		{373F428F-553E-4AA4-A276-369A2F23A276}.Debug|Any CPU.ActiveCfg = Debug|Any CPU
		{373F428F-553E-4AA4-A276-369A2F23A276}.Debug|Any CPU.Build.0 = Debug|Any CPU
		{373F428F-553E-4AA4-A276-369A2F23A276}.Release|Any CPU.ActiveCfg = Release|Any CPU
		{373F428F-553E-4AA4-A276-369A2F23A276}.Release|Any CPU.Build.0 = Release|Any CPU
	EndGlobalSection
	GlobalSection(SolutionProperties) = preSolution
		HideSolutionNode = FALSE
	EndGlobalSection
	GlobalSection(ExtensibilityGlobals) = postSolution
		SolutionGuid = {9F3BBA59-5F56-46E3-A086-75465A1537AD}
	EndGlobalSection
EndGlobal
